
Microsoft Visual Studio Solution File, Format Version 12.00
# Visual Studio Version 16
VisualStudioVersion = 16.0.29509.3
MinimumVisualStudioVersion = 10.0.40219.1
Project("{FAE04EC0-301F-11D3-BF4B-00C04F79EFBC}") = "CompareTriplets", "HackerRank\CompareTriplets.csproj", "{69BF8733-07D6-4D12-9C07-0099C5550EA1}"
EndProject
Project("{FAE04EC0-301F-11D3-BF4B-00C04F79EFBC}") = "DiagonalDifference", "DiagonalDifference\DiagonalDifference.csproj", "{95762D9A-84D7-4DDC-AE2E-194C0B41FD37}"
EndProject
Project("{FAE04EC0-301F-11D3-BF4B-00C04F79EFBC}") = "PlusMinus", "PlusMinus\PlusMinus.csproj", "{00898265-8813-4AB4-B869-4843FE768B16}"
EndProject
Project("{FAE04EC0-301F-11D3-BF4B-00C04F79EFBC}") = "Stairecase", "Stairecase\Stairecase.csproj", "{D27CFFDC-8FBF-4887-BA6E-917ED7C717D0}"
EndProject
Project("{FAE04EC0-301F-11D3-BF4B-00C04F79EFBC}") = "MinMaxSum", "MinMaxSum\MinMaxSum.csproj", "{54DA55F2-6486-4D9B-BDAE-D15A7D82D2FD}"
EndProject
Project("{FAE04EC0-301F-11D3-BF4B-00C04F79EFBC}") = "WordFilter", "WordFilter\WordFilter.csproj", "{147A29DC-091E-4EC8-BCE6-D8DFC427B18F}"
EndProject
Project("{FAE04EC0-301F-11D3-BF4B-00C04F79EFBC}") = "RemoveSpecificElementFromArray", "RemoveSpecificElementFromArray\RemoveSpecificElementFromArray.csproj", "{D68F1915-4619-4402-9854-2C5EFE9085B8}"
EndProject
Project("{FAE04EC0-301F-11D3-BF4B-00C04F79EFBC}") = "MergeTwoSortedArray", "MergeTwoSortedArray\MergeTwoSortedArray.csproj", "{5B3041DD-EE56-456F-BD1F-A31C6ACB397D}"
EndProject
Project("{FAE04EC0-301F-11D3-BF4B-00C04F79EFBC}") = "OOPElevators", "OOPElevators\OOPElevators.csproj", "{DC7565BB-E1D6-4DD7-9C09-EB52547BA679}"
EndProject
Project("{FAE04EC0-301F-11D3-BF4B-00C04F79EFBC}") = "CodingExercise", "LeedCode\CodingExercise.csproj", "{5FFC24B1-2A29-4ECB-A0C6-F86854660971}"
EndProject
Project("{9A19103F-16F7-4668-BE54-9A1E7A4F7556}") = "Factory Pattern", "FactoryPattern\Factory Pattern.csproj", "{6AA6EADC-878F-4F78-87F5-F9E64C87EC78}"
EndProject
Project("{FAE04EC0-301F-11D3-BF4B-00C04F79EFBC}") = "ShoppingCardTests", "ShoppingCardTests\ShoppingCardTests.csproj", "{5C14B7FC-E216-4D56-886B-9BDAEDCA785F}"
EndProject
Project("{9A19103F-16F7-4668-BE54-9A1E7A4F7556}") = "GenericFacade", "FacadePattern\BallOfMud\GenericFacade.csproj", "{16A80C71-C5E6-4224-97A5-A1AD83364286}"
EndProject
Project("{9A19103F-16F7-4668-BE54-9A1E7A4F7556}") = "Facade", "FacadePattern\Facade\Facade.csproj", "{9317B080-15EC-40C4-A41C-77C322729C80}"
EndProject
Project("{9A19103F-16F7-4668-BE54-9A1E7A4F7556}") = "DesignPatternsInCSharp", "DesignPatternsInCSharp\DesignPatternsInCSharp.csproj", "{45363170-A777-49C3-926E-FE8341E606C9}"
EndProject
Project("{9A19103F-16F7-4668-BE54-9A1E7A4F7556}") = "Prototype Pattern", "Prototype Pattern\Prototype Pattern.csproj", "{2B7D2E41-D4DD-44AB-A25B-D640C356CAB1}"
EndProject
Project("{9A19103F-16F7-4668-BE54-9A1E7A4F7556}") = "GreeterService", "GreeterService\GreeterService.csproj", "{E5B4A5B6-60FB-4A51-A1E6-A685E7A86D16}"
EndProject
Project("{9A19103F-16F7-4668-BE54-9A1E7A4F7556}") = "TextEditor", "TextEditor\TextEditor.csproj", "{0BABD848-1355-4C3C-A881-8B206384BA79}"
EndProject
Project("{9A19103F-16F7-4668-BE54-9A1E7A4F7556}") = "outreach", "outreach\outreach.csproj", "{68F0C841-F06E-4CB0-9DC7-FF2A1B21CF23}"
EndProject
Project("{9A19103F-16F7-4668-BE54-9A1E7A4F7556}") = "Flexport", "Flexport\Flexport.csproj", "{01148E05-8AA0-4C74-8BEB-D4492BAB197E}"
EndProject
Project("{9A19103F-16F7-4668-BE54-9A1E7A4F7556}") = "Rippling", "Rippling\Rippling.csproj", "{5B496C0B-C384-4C13-8895-F3EFA2F69266}"
EndProject
Project("{9A19103F-16F7-4668-BE54-9A1E7A4F7556}") = "Cruise", "CruiseInterview\Cruise.csproj", "{8A693508-58CA-4B45-BFB6-BEAD6BC34432}"
EndProject
Global
	GlobalSection(SolutionConfigurationPlatforms) = preSolution
		Debug|Any CPU = Debug|Any CPU
		Release|Any CPU = Release|Any CPU
	EndGlobalSection
	GlobalSection(ProjectConfigurationPlatforms) = postSolution
		{69BF8733-07D6-4D12-9C07-0099C5550EA1}.Debug|Any CPU.ActiveCfg = Debug|Any CPU
		{69BF8733-07D6-4D12-9C07-0099C5550EA1}.Debug|Any CPU.Build.0 = Debug|Any CPU
		{69BF8733-07D6-4D12-9C07-0099C5550EA1}.Release|Any CPU.ActiveCfg = Release|Any CPU
		{69BF8733-07D6-4D12-9C07-0099C5550EA1}.Release|Any CPU.Build.0 = Release|Any CPU
		{95762D9A-84D7-4DDC-AE2E-194C0B41FD37}.Debug|Any CPU.ActiveCfg = Debug|Any CPU
		{95762D9A-84D7-4DDC-AE2E-194C0B41FD37}.Debug|Any CPU.Build.0 = Debug|Any CPU
		{95762D9A-84D7-4DDC-AE2E-194C0B41FD37}.Release|Any CPU.ActiveCfg = Release|Any CPU
		{95762D9A-84D7-4DDC-AE2E-194C0B41FD37}.Release|Any CPU.Build.0 = Release|Any CPU
		{00898265-8813-4AB4-B869-4843FE768B16}.Debug|Any CPU.ActiveCfg = Debug|Any CPU
		{00898265-8813-4AB4-B869-4843FE768B16}.Debug|Any CPU.Build.0 = Debug|Any CPU
		{00898265-8813-4AB4-B869-4843FE768B16}.Release|Any CPU.ActiveCfg = Release|Any CPU
		{00898265-8813-4AB4-B869-4843FE768B16}.Release|Any CPU.Build.0 = Release|Any CPU
		{D27CFFDC-8FBF-4887-BA6E-917ED7C717D0}.Debug|Any CPU.ActiveCfg = Debug|Any CPU
		{D27CFFDC-8FBF-4887-BA6E-917ED7C717D0}.Debug|Any CPU.Build.0 = Debug|Any CPU
		{D27CFFDC-8FBF-4887-BA6E-917ED7C717D0}.Release|Any CPU.ActiveCfg = Release|Any CPU
		{D27CFFDC-8FBF-4887-BA6E-917ED7C717D0}.Release|Any CPU.Build.0 = Release|Any CPU
		{54DA55F2-6486-4D9B-BDAE-D15A7D82D2FD}.Debug|Any CPU.ActiveCfg = Debug|Any CPU
		{54DA55F2-6486-4D9B-BDAE-D15A7D82D2FD}.Debug|Any CPU.Build.0 = Debug|Any CPU
		{54DA55F2-6486-4D9B-BDAE-D15A7D82D2FD}.Release|Any CPU.ActiveCfg = Release|Any CPU
		{54DA55F2-6486-4D9B-BDAE-D15A7D82D2FD}.Release|Any CPU.Build.0 = Release|Any CPU
		{147A29DC-091E-4EC8-BCE6-D8DFC427B18F}.Debug|Any CPU.ActiveCfg = Debug|Any CPU
		{147A29DC-091E-4EC8-BCE6-D8DFC427B18F}.Debug|Any CPU.Build.0 = Debug|Any CPU
		{147A29DC-091E-4EC8-BCE6-D8DFC427B18F}.Release|Any CPU.ActiveCfg = Release|Any CPU
		{147A29DC-091E-4EC8-BCE6-D8DFC427B18F}.Release|Any CPU.Build.0 = Release|Any CPU
		{D68F1915-4619-4402-9854-2C5EFE9085B8}.Debug|Any CPU.ActiveCfg = Debug|Any CPU
		{D68F1915-4619-4402-9854-2C5EFE9085B8}.Debug|Any CPU.Build.0 = Debug|Any CPU
		{D68F1915-4619-4402-9854-2C5EFE9085B8}.Release|Any CPU.ActiveCfg = Release|Any CPU
		{D68F1915-4619-4402-9854-2C5EFE9085B8}.Release|Any CPU.Build.0 = Release|Any CPU
		{5B3041DD-EE56-456F-BD1F-A31C6ACB397D}.Debug|Any CPU.ActiveCfg = Debug|Any CPU
		{5B3041DD-EE56-456F-BD1F-A31C6ACB397D}.Debug|Any CPU.Build.0 = Debug|Any CPU
		{5B3041DD-EE56-456F-BD1F-A31C6ACB397D}.Release|Any CPU.ActiveCfg = Release|Any CPU
		{5B3041DD-EE56-456F-BD1F-A31C6ACB397D}.Release|Any CPU.Build.0 = Release|Any CPU
		{DC7565BB-E1D6-4DD7-9C09-EB52547BA679}.Debug|Any CPU.ActiveCfg = Debug|Any CPU
		{DC7565BB-E1D6-4DD7-9C09-EB52547BA679}.Debug|Any CPU.Build.0 = Debug|Any CPU
		{DC7565BB-E1D6-4DD7-9C09-EB52547BA679}.Release|Any CPU.ActiveCfg = Release|Any CPU
		{DC7565BB-E1D6-4DD7-9C09-EB52547BA679}.Release|Any CPU.Build.0 = Release|Any CPU
		{5FFC24B1-2A29-4ECB-A0C6-F86854660971}.Debug|Any CPU.ActiveCfg = Debug|Any CPU
		{5FFC24B1-2A29-4ECB-A0C6-F86854660971}.Debug|Any CPU.Build.0 = Debug|Any CPU
		{5FFC24B1-2A29-4ECB-A0C6-F86854660971}.Release|Any CPU.ActiveCfg = Release|Any CPU
		{5FFC24B1-2A29-4ECB-A0C6-F86854660971}.Release|Any CPU.Build.0 = Release|Any CPU
		{6AA6EADC-878F-4F78-87F5-F9E64C87EC78}.Debug|Any CPU.ActiveCfg = Debug|Any CPU
		{6AA6EADC-878F-4F78-87F5-F9E64C87EC78}.Debug|Any CPU.Build.0 = Debug|Any CPU
		{6AA6EADC-878F-4F78-87F5-F9E64C87EC78}.Release|Any CPU.ActiveCfg = Release|Any CPU
		{6AA6EADC-878F-4F78-87F5-F9E64C87EC78}.Release|Any CPU.Build.0 = Release|Any CPU
		{5C14B7FC-E216-4D56-886B-9BDAEDCA785F}.Debug|Any CPU.ActiveCfg = Debug|Any CPU
		{5C14B7FC-E216-4D56-886B-9BDAEDCA785F}.Debug|Any CPU.Build.0 = Debug|Any CPU
		{5C14B7FC-E216-4D56-886B-9BDAEDCA785F}.Release|Any CPU.ActiveCfg = Release|Any CPU
		{5C14B7FC-E216-4D56-886B-9BDAEDCA785F}.Release|Any CPU.Build.0 = Release|Any CPU
		{16A80C71-C5E6-4224-97A5-A1AD83364286}.Debug|Any CPU.ActiveCfg = Debug|Any CPU
		{16A80C71-C5E6-4224-97A5-A1AD83364286}.Debug|Any CPU.Build.0 = Debug|Any CPU
		{16A80C71-C5E6-4224-97A5-A1AD83364286}.Release|Any CPU.ActiveCfg = Release|Any CPU
		{16A80C71-C5E6-4224-97A5-A1AD83364286}.Release|Any CPU.Build.0 = Release|Any CPU
		{9317B080-15EC-40C4-A41C-77C322729C80}.Debug|Any CPU.ActiveCfg = Debug|Any CPU
		{9317B080-15EC-40C4-A41C-77C322729C80}.Debug|Any CPU.Build.0 = Debug|Any CPU
		{9317B080-15EC-40C4-A41C-77C322729C80}.Release|Any CPU.ActiveCfg = Release|Any CPU
		{9317B080-15EC-40C4-A41C-77C322729C80}.Release|Any CPU.Build.0 = Release|Any CPU
		{45363170-A777-49C3-926E-FE8341E606C9}.Debug|Any CPU.ActiveCfg = Debug|Any CPU
		{45363170-A777-49C3-926E-FE8341E606C9}.Debug|Any CPU.Build.0 = Debug|Any CPU
		{45363170-A777-49C3-926E-FE8341E606C9}.Release|Any CPU.ActiveCfg = Release|Any CPU
		{45363170-A777-49C3-926E-FE8341E606C9}.Release|Any CPU.Build.0 = Release|Any CPU
		{2B7D2E41-D4DD-44AB-A25B-D640C356CAB1}.Debug|Any CPU.ActiveCfg = Debug|Any CPU
		{2B7D2E41-D4DD-44AB-A25B-D640C356CAB1}.Debug|Any CPU.Build.0 = Debug|Any CPU
		{2B7D2E41-D4DD-44AB-A25B-D640C356CAB1}.Release|Any CPU.ActiveCfg = Release|Any CPU
		{2B7D2E41-D4DD-44AB-A25B-D640C356CAB1}.Release|Any CPU.Build.0 = Release|Any CPU
		{E5B4A5B6-60FB-4A51-A1E6-A685E7A86D16}.Debug|Any CPU.ActiveCfg = Debug|Any CPU
		{E5B4A5B6-60FB-4A51-A1E6-A685E7A86D16}.Debug|Any CPU.Build.0 = Debug|Any CPU
		{E5B4A5B6-60FB-4A51-A1E6-A685E7A86D16}.Release|Any CPU.ActiveCfg = Release|Any CPU
		{E5B4A5B6-60FB-4A51-A1E6-A685E7A86D16}.Release|Any CPU.Build.0 = Release|Any CPU
		{0BABD848-1355-4C3C-A881-8B206384BA79}.Debug|Any CPU.ActiveCfg = Debug|Any CPU
		{0BABD848-1355-4C3C-A881-8B206384BA79}.Debug|Any CPU.Build.0 = Debug|Any CPU
		{0BABD848-1355-4C3C-A881-8B206384BA79}.Release|Any CPU.ActiveCfg = Release|Any CPU
		{0BABD848-1355-4C3C-A881-8B206384BA79}.Release|Any CPU.Build.0 = Release|Any CPU
		{68F0C841-F06E-4CB0-9DC7-FF2A1B21CF23}.Debug|Any CPU.ActiveCfg = Debug|Any CPU
		{68F0C841-F06E-4CB0-9DC7-FF2A1B21CF23}.Debug|Any CPU.Build.0 = Debug|Any CPU
		{68F0C841-F06E-4CB0-9DC7-FF2A1B21CF23}.Release|Any CPU.ActiveCfg = Release|Any CPU
		{68F0C841-F06E-4CB0-9DC7-FF2A1B21CF23}.Release|Any CPU.Build.0 = Release|Any CPU
		{01148E05-8AA0-4C74-8BEB-D4492BAB197E}.Debug|Any CPU.ActiveCfg = Debug|Any CPU
		{01148E05-8AA0-4C74-8BEB-D4492BAB197E}.Debug|Any CPU.Build.0 = Debug|Any CPU
		{01148E05-8AA0-4C74-8BEB-D4492BAB197E}.Release|Any CPU.ActiveCfg = Release|Any CPU
		{01148E05-8AA0-4C74-8BEB-D4492BAB197E}.Release|Any CPU.Build.0 = Release|Any CPU
		{5B496C0B-C384-4C13-8895-F3EFA2F69266}.Debug|Any CPU.ActiveCfg = Debug|Any CPU
		{5B496C0B-C384-4C13-8895-F3EFA2F69266}.Debug|Any CPU.Build.0 = Debug|Any CPU
		{5B496C0B-C384-4C13-8895-F3EFA2F69266}.Release|Any CPU.ActiveCfg = Release|Any CPU
		{5B496C0B-C384-4C13-8895-F3EFA2F69266}.Release|Any CPU.Build.0 = Release|Any CPU
		{8A693508-58CA-4B45-BFB6-BEAD6BC34432}.Debug|Any CPU.ActiveCfg = Debug|Any CPU
		{8A693508-58CA-4B45-BFB6-BEAD6BC34432}.Debug|Any CPU.Build.0 = Debug|Any CPU
		{8A693508-58CA-4B45-BFB6-BEAD6BC34432}.Release|Any CPU.ActiveCfg = Release|Any CPU
		{8A693508-58CA-4B45-BFB6-BEAD6BC34432}.Release|Any CPU.Build.0 = Release|Any CPU
	EndGlobalSection
	GlobalSection(SolutionProperties) = preSolution
		HideSolutionNode = FALSE
	EndGlobalSection
	GlobalSection(ExtensibilityGlobals) = postSolution
		SolutionGuid = {1A85212B-6BB2-4038-B624-A31D7E6439FA}
	EndGlobalSection
EndGlobal
